
Microsoft Visual Studio Solution File, Format Version 12.00
# Visual Studio Version 17
VisualStudioVersion = 17.7.34024.191
MinimumVisualStudioVersion = 10.0.40219.1
Project("{9A19103F-16F7-4668-BE54-9A1E7A4F7556}") = "EFCore.Interceptor.ConsoleApp", "EFCore.Interceptor.ConsoleApp\EFCore.Interceptor.ConsoleApp.csproj", "{B377A2B2-7EFD-407A-AA61-80D6BA7028BA}"
EndProject
Global
	GlobalSection(SolutionConfigurationPlatforms) = preSolution
		Debug|Any CPU = Debug|Any CPU
		Release|Any CPU = Release|Any CPU
	EndGlobalSection
	GlobalSection(ProjectConfigurationPlatforms) = postSolution
		{B377A2B2-7EFD-407A-AA61-80D6BA7028BA}.Debug|Any CPU.ActiveCfg = Debug|Any CPU
		{B377A2B2-7EFD-407A-AA61-80D6BA7028BA}.Debug|Any CPU.Build.0 = Debug|Any CPU
		{B377A2B2-7EFD-407A-AA61-80D6BA7028BA}.Release|Any CPU.ActiveCfg = Release|Any CPU
		{B377A2B2-7EFD-407A-AA61-80D6BA7028BA}.Release|Any CPU.Build.0 = Release|Any CPU
	EndGlobalSection
	GlobalSection(SolutionProperties) = preSolution
		HideSolutionNode = FALSE
	EndGlobalSection
	GlobalSection(ExtensibilityGlobals) = postSolution
		SolutionGuid = {88CBAAEE-D60D-48CE-9E2F-C7E8838CE95C}
	EndGlobalSection
EndGlobal
